// !$*UTF8*$!
{
	archiveVersion = 1;
	classes = {
	};
	objectVersion = 46;
	objects = {

/* Begin PBXBuildFile section */
		848CC0F81D83DEE6009BE36A /* main.m in Sources */ = {isa = PBXBuildFile; fileRef = 848CC0F71D83DEE6009BE36A /* main.m */; };
		848CC1001D83DF73009BE36A /* WYStudent.m in Sources */ = {isa = PBXBuildFile; fileRef = 848CC0FF1D83DF73009BE36A /* WYStudent.m */; };
/* End PBXBuildFile section */

/* Begin PBXCopyFilesBuildPhase section */
		848CC0F21D83DEE6009BE36A /* CopyFiles */ = {
			isa = PBXCopyFilesBuildPhase;
			buildActionMask = 2147483647;
			dstPath = /usr/share/man/man1/;
			dstSubfolderSpec = 0;
			files = (
			);
			runOnlyForDeploymentPostprocessing = 1;
		};
/* End PBXCopyFilesBuildPhase section */

/* Begin PBXFileReference section */
		848CC0F41D83DEE6009BE36A /* NsCopy */ = {isa = PBXFileReference; explicitFileType = "compiled.mach-o.executable"; includeInIndex = 0; path = NsCopy; sourceTree = BUILT_PRODUCTS_DIR; };
		848CC0F71D83DEE6009BE36A /* main.m */ = {isa = PBXFileReference; lastKnownFileType = sourcecode.c.objc; path = main.m; sourceTree = "<group>"; };
		848CC0FE1D83DF73009BE36A /* WYStudent.h */ = {isa = PBXFileReference; fileEncoding = 4; lastKnownFileType = sourcecode.c.h; path = WYStudent.h; sourceTree = "<group>"; };
		848CC0FF1D83DF73009BE36A /* WYStudent.m */ = {isa = PBXFileReference; fileEncoding = 4; lastKnownFileType = sourcecode.c.objc; path = WYStudent.m; sourceTree = "<group>"; };
/* End PBXFileReference section */

/* Begin PBXFrameworksBuildPhase section */
		848CC0F11D83DEE6009BE36A /* Frameworks */ = {
			isa = PBXFrameworksBuildPhase;
			buildActionMask = 2147483647;
			files = (
			);
			runOnlyForDeploymentPostprocessing = 0;
		};
/* End PBXFrameworksBuildPhase section */

/* Begin PBXGroup section */
		848CC0EB1D83DEE6009BE36A = {
			isa = PBXGroup;
			children = (
				848CC0F61D83DEE6009BE36A /* NsCopy */,
				848CC0F51D83DEE6009BE36A /* Products */,
			);
			sourceTree = "<group>";
		};
		848CC0F51D83DEE6009BE36A /* Products */ = {
			isa = PBXGroup;
			children = (
				848CC0F41D83DEE6009BE36A /* NsCopy */,
			);
			name = Products;
			sourceTree = "<group>";
		};
		848CC0F61D83DEE6009BE36A /* NsCopy */ = {
			isa = PBXGroup;
			children = (
				848CC0F71D83DEE6009BE36A /* main.m */,
				848CC0FE1D83DF73009BE36A /* WYStudent.h */,
				848CC0FF1D83DF73009BE36A /* WYStudent.m */,
			);
			path = NsCopy;
			sourceTree = "<group>";
		};
/* End PBXGroup section */

/* Begin PBXNativeTarget section */
		848CC0F31D83DEE6009BE36A /* NsCopy */ = {
			isa = PBXNativeTarget;
			buildConfigurationList = 848CC0FB1D83DEE6009BE36A /* Build configuration list for PBXNativeTarget "NsCopy" */;
			buildPhases = (
				848CC0F01D83DEE6009BE36A /* Sources */,
				848CC0F11D83DEE6009BE36A /* Frameworks */,
				848CC0F21D83DEE6009BE36A /* CopyFiles */,
			);
			buildRules = (
			);
			dependencies = (
			);
			name = NsCopy;
			productName = NsCopy;
			productReference = 848CC0F41D83DEE6009BE36A /* NsCopy */;
			productType = "com.apple.product-type.tool";
		};
/* End PBXNativeTarget section */

/* Begin PBXProject section */
		848CC0EC1D83DEE6009BE36A /* Project object */ = {
			isa = PBXProject;
			attributes = {
				LastUpgradeCheck = 0730;
				ORGANIZATIONNAME = wxystudy;
				TargetAttributes = {
					848CC0F31D83DEE6009BE36A = {
						CreatedOnToolsVersion = 7.3.1;
					};
				};
			};
			buildConfigurationList = 848CC0EF1D83DEE6009BE36A /* Build configuration list for PBXProject "NsCopy" */;
			compatibilityVersion = "Xcode 3.2";
			developmentRegion = English;
			hasScannedForEncodings = 0;
			knownRegions = (
				en,
			);
			mainGroup = 848CC0EB1D83DEE6009BE36A;
			productRefGroup = 848CC0F51D83DEE6009BE36A /* Products */;
			projectDirPath = "";
			projectRoot = "";
			targets = (
				848CC0F31D83DEE6009BE36A /* NsCopy */,
			);
		};
/* End PBXProject section */

/* Begin PBXSourcesBuildPhase section */
		848CC0F01D83DEE6009BE36A /* Sources */ = {
			isa = PBXSourcesBuildPhase;
			buildActionMask = 2147483647;
			files = (
				848CC0F81D83DEE6009BE36A /* main.m in Sources */,
				848CC1001D83DF73009BE36A /* WYStudent.m in Sources */,
			);
			runOnlyForDeploymentPostprocessing = 0;
		};
/* End PBXSourcesBuildPhase section */

/* Begin XCBuildConfiguration section */
		848CC0F91D83DEE6009BE36A /* Debug */ = {
			isa = XCBuildConfiguration;
			buildSettings = {
				ALWAYS_SEARCH_USER_PATHS = NO;
				CLANG_ANALYZER_NONNULL = YES;
				CLANG_CXX_LANGUAGE_STANDARD = "gnu++0x";
				CLANG_CXX_LIBRARY = "libc++";
				CLANG_ENABLE_MODULES = YES;
				CLANG_ENABLE_OBJC_ARC = YES;
				CLANG_WARN_BOOL_CONVERSION = YES;
				CLANG_WARN_CONSTANT_CONVERSION = YES;
				CLANG_WARN_DIRECT_OBJC_ISA_USAGE = YES_ERROR;
				CLANG_WARN_EMPTY_BODY = YES;
				CLANG_WARN_ENUM_CONVERSION = YES;
				CLANG_WARN_INT_CONVERSION = YES;
				CLANG_WARN_OBJC_ROOT_CLASS = YES_ERROR;
				CLANG_WARN_UNREACHABLE_CODE = YES;
				CLANG_WARN__DUPLICATE_METHOD_MATCH = YES;
				CODE_SIGN_IDENTITY = "-";
				COPY_PHASE_STRIP = NO;
				DEBUG_INFORMATION_FORMAT = dwarf;
				ENABLE_STRICT_OBJC_MSGSEND = YES;
				ENABLE_TESTABILITY = YES;
				GCC_C_LANGUAGE_STANDARD = gnu99;
				GCC_DYNAMIC_NO_PIC = NO;
				GCC_NO_COMMON_BLOCKS = YES;
				GCC_OPTIMIZATION_LEVEL = 0;
				GCC_PREPROCESSOR_DEFINITIONS = (
					"DEBUG=1",
					"$(inherited)",
				);
				GCC_WARN_64_TO_32_BIT_CONVERSION = YES;
				GCC_WARN_ABOUT_RETURN_TYPE = YES_ERROR;
				GCC_WARN_UNDECLARED_SELECTOR = YES;
				GCC_WARN_UNINITIALIZED_AUTOS = YES_AGGRESSIVE;
				GCC_WARN_UNUSED_FUNCTION = YES;
				GCC_WARN_UNUSED_VARIABLE = YES;
				MACOSX_DEPLOYMENT_TARGET = 10.11;
				MTL_ENABLE_DEBUG_INFO = YES;
				ONLY_ACTIVE_ARCH = YES;
				SDKROOT = macosx;
			};
			name = Debug;
		};
		848CC0FA1D83DEE6009BE36A /* Release */ = {
			isa = XCBuildConfiguration;
			buildSettings = {
				ALWAYS_SEARCH_USER_PATHS = NO;
				CLANG_ANALYZER_NONNULL = YES;
				CLANG_CXX_LANGUAGE_STANDARD = "gnu++0x";
				CLANG_CXX_LIBRARY = "libc++";
				CLANG_ENABLE_MODULES = YES;
				CLANG_ENABLE_OBJC_ARC = YES;
				CLANG_WARN_BOOL_CONVERSION = YES;
				CLANG_WARN_CONSTANT_CONVERSION = YES;
				CLANG_WARN_DIRECT_OBJC_ISA_USAGE = YES_ERROR;
				CLANG_WARN_EMPTY_BODY = YES;
				CLANG_WARN_ENUM_CONVERSION = YES;
				CLANG_WARN_INT_CONVERSION = YES;
				CLANG_WARN_OBJC_ROOT_CLASS = YES_ERROR;
				CLANG_WARN_UNREACHABLE_CODE = YES;
				CLANG_WARN__DUPLICATE_METHOD_MATCH = YES;
				CODE_SIGN_IDENTITY = "-";
				COPY_PHASE_STRIP = NO;
				DEBUG_INFORMATION_FORMAT = "dwarf-with-dsym";
				ENABLE_NS_ASSERTIONS = NO;
				ENABLE_STRICT_OBJC_MSGSEND = YES;
				GCC_C_LANGUAGE_STANDARD = gnu99;
				GCC_NO_COMMON_BLOCKS = YES;
				GCC_WARN_64_TO_32_BIT_CONVERSION = YES;
				GCC_WARN_ABOUT_RETURN_TYPE = YES_ERROR;
				GCC_WARN_UNDECLARED_SELECTOR = YES;
				GCC_WARN_UNINITIALIZED_AUTOS = YES_AGGRESSIVE;
				GCC_WARN_UNUSED_FUNCTION = YES;
				GCC_WARN_UNUSED_VARIABLE = YES;
				MACOSX_DEPLOYMENT_TARGET = 10.11;
				MTL_ENABLE_DEBUG_INFO = NO;
				SDKROOT = macosx;
			};
			name = Release;
		};
		848CC0FC1D83DEE6009BE36A /* Debug */ = {
			isa = XCBuildConfiguration;
			buildSettings = {
				PRODUCT_NAME = "$(TARGET_NAME)";
			};
			name = Debug;
		};
		848CC0FD1D83DEE6009BE36A /* Release */ = {
			isa = XCBuildConfiguration;
			buildSettings = {
				PRODUCT_NAME = "$(TARGET_NAME)";
			};
			name = Release;
		};
/* End XCBuildConfiguration section */

/* Begin XCConfigurationList section */
		848CC0EF1D83DEE6009BE36A /* Build configuration list for PBXProject "NsCopy" */ = {
			isa = XCConfigurationList;
			buildConfigurations = (
				848CC0F91D83DEE6009BE36A /* Debug */,
				848CC0FA1D83DEE6009BE36A /* Release */,
			);
			defaultConfigurationIsVisible = 0;
			defaultConfigurationName = Release;
		};
		848CC0FB1D83DEE6009BE36A /* Build configuration list for PBXNativeTarget "NsCopy" */ = {
			isa = XCConfigurationList;
			buildConfigurations = (
				848CC0FC1D83DEE6009BE36A /* Debug */,
				848CC0FD1D83DEE6009BE36A /* Release */,
			);
			defaultConfigurationIsVisible = 0;
		};
/* End XCConfigurationList section */
	};
	rootObject = 848CC0EC1D83DEE6009BE36A /* Project object */;
}
